
Microsoft Visual Studio Solution File, Format Version 12.00
Project("{FAE04EC0-301F-11D3-BF4B-00C04F79EFBC}") = "AlexaSmartHomeLambda", "AlexaSmartHomeLambda\AlexaSmartHomeLambda.csproj", "{6B878C17-FB41-4447-BDBF-F9B1243DD5CE}"
EndProject
Global
	GlobalSection(SolutionConfigurationPlatforms) = preSolution
		Debug|Any CPU = Debug|Any CPU
		Release|Any CPU = Release|Any CPU
	EndGlobalSection
	GlobalSection(ProjectConfigurationPlatforms) = postSolution
		{6B878C17-FB41-4447-BDBF-F9B1243DD5CE}.Debug|Any CPU.ActiveCfg = Debug|Any CPU
		{6B878C17-FB41-4447-BDBF-F9B1243DD5CE}.Debug|Any CPU.Build.0 = Debug|Any CPU
		{6B878C17-FB41-4447-BDBF-F9B1243DD5CE}.Release|Any CPU.ActiveCfg = Release|Any CPU
		{6B878C17-FB41-4447-BDBF-F9B1243DD5CE}.Release|Any CPU.Build.0 = Release|Any CPU
	EndGlobalSection
EndGlobal
